version = 1
revision = 2
requires-python = ">=3.13"

[[package]]
name = "mouse"
version = "0.7.1"
source = { registry = "https://pypi.org/simple" }
wheels = [
    { url = "https://files.pythonhosted.org/packages/e5/cc/4a30b48913a3bdaa3f713a160517792f829a1703257fb0869e76f945a760/mouse-0.7.1-py2.py3-none-any.whl", hash = "sha256:d34bb9548890089fcb11988400e26f55c624e6c7b741fff75fedfdfbd37c0016", size = 16170, upload-time = "2020-01-01T16:51:33.438Z" },
]

[[package]]
name = "pynoidle"
version = "0.1.0"
source = { virtual = "." }
dependencies = [
    { name = "mouse" },
]

[package.metadata]
requires-dist = [{ name = "mouse", specifier = ">=0.7.1" }]
